<?xml version="1.0" encoding="utf-8"?>
<Project ToolsVersion="4.0" xmlns="http://schemas.microsoft.com/developer/msbuild/2003">
  <ItemGroup>
    <Filter Include="Engine">
      <UniqueIdentifier>{e02d268c-fdfe-4c36-b891-61253e930848}</UniqueIdentifier>
    </Filter>
    <Filter Include="Game">
      <UniqueIdentifier>{e119d751-0ef5-4e0d-a393-4fbb98a6c5fc}</UniqueIdentifier>
    </Filter>
    <Filter Include="Engine\System">
      <UniqueIdentifier>{d3d46c3d-941d-434a-a5ed-115a5991fc80}</UniqueIdentifier>
    </Filter>
    <Filter Include="Game\Object">
      <UniqueIdentifier>{386fcc51-e258-4647-830f-034af965364b}</UniqueIdentifier>
    </Filter>
    <Filter Include="Game\Scene">
      <UniqueIdentifier>{8fffde1b-7c8c-4010-acde-1491b923a6ce}</UniqueIdentifier>
    </Filter>
  </ItemGroup>
  <ItemGroup>
    <Text Include="ReadMe.txt" />
  </ItemGroup>
  <ItemGroup>
    <ClInclude Include="stdafx.h">
      <Filter>Engine</Filter>
    </ClInclude>
    <ClInclude Include="targetver.h">
      <Filter>Engine</Filter>
    </ClInclude>
    <ClInclude Include="System.h">
      <Filter>Engine\System</Filter>
    </ClInclude>
    <ClInclude Include="WindowSystem.h">
      <Filter>Engine\System</Filter>
    </ClInclude>
    <ClInclude Include="GameEngine.h">
      <Filter>Engine\System</Filter>
    </ClInclude>
    <ClInclude Include="GameObject.h">
      <Filter>Engine</Filter>
    </ClInclude>
    <ClInclude Include="GameScene.h">
      <Filter>Engine</Filter>
    </ClInclude>
    <ClInclude Include="Laser.h">
      <Filter>Game\Object</Filter>
    </ClInclude>
    <ClInclude Include="Student.h">
      <Filter>Game\Object</Filter>
    </ClInclude>
    <ClInclude Include="TeacherD.h">
      <Filter>Game\Object</Filter>
    </ClInclude>
    <ClInclude Include="TeacherH.h">
      <Filter>Game\Object</Filter>
    </ClInclude>
    <ClInclude Include="Credit.h">
      <Filter>Game\Scene</Filter>
    </ClInclude>
    <ClInclude Include="GameInfo.h">
      <Filter>Game\Scene</Filter>
    </ClInclude>
    <ClInclude Include="GameStage.h">
      <Filter>Game\Scene</Filter>
    </ClInclude>
    <ClInclude Include="Menu.h">
      <Filter>Game\Scene</Filter>
    </ClInclude>
    <ClInclude Include="SceneSystem.h">
      <Filter>Engine\System</Filter>
    </ClInclude>
    <ClInclude Include="GameEnd.h">
      <Filter>Game\Scene</Filter>
    </ClInclude>
    <ClInclude Include="ResContainer.h">
      <Filter>Engine</Filter>
    </ClInclude>
    <ClInclude Include="Phone.h">
      <Filter>Game\Object</Filter>
    </ClInclude>
    <ClInclude Include="Input.h">
      <Filter>Engine</Filter>
    </ClInclude>
  </ItemGroup>
  <ItemGroup>
    <ClCompile Include="KeepThePhone.cpp">
      <Filter>Engine</Filter>
    </ClCompile>
    <ClCompile Include="stdafx.cpp">
      <Filter>Engine</Filter>
    </ClCompile>
    <ClCompile Include="WindowSystem.cpp">
      <Filter>Engine\System</Filter>
    </ClCompile>
    <ClCompile Include="GameEngine.cpp">
      <Filter>Engine\System</Filter>
    </ClCompile>
    <ClCompile Include="GameObject.cpp">
      <Filter>Engine</Filter>
    </ClCompile>
    <ClCompile Include="GameScene.cpp">
      <Filter>Engine</Filter>
    </ClCompile>
    <ClCompile Include="Laser.cpp">
      <Filter>Game\Object</Filter>
    </ClCompile>
    <ClCompile Include="Student.cpp">
      <Filter>Game\Object</Filter>
    </ClCompile>
    <ClCompile Include="TeacherD.cpp">
      <Filter>Game\Object</Filter>
    </ClCompile>
    <ClCompile Include="TeacherH.cpp">
      <Filter>Game\Object</Filter>
    </ClCompile>
    <ClCompile Include="Credit.cpp">
      <Filter>Game\Scene</Filter>
    </ClCompile>
    <ClCompile Include="GameInfo.cpp">
      <Filter>Game\Scene</Filter>
    </ClCompile>
    <ClCompile Include="GameStage.cpp">
      <Filter>Game\Scene</Filter>
    </ClCompile>
    <ClCompile Include="Menu.cpp">
      <Filter>Game\Scene</Filter>
    </ClCompile>
    <ClCompile Include="SceneSystem.cpp">
      <Filter>Engine\System</Filter>
    </ClCompile>
    <ClCompile Include="GameEnd.cpp">
      <Filter>Game\Scene</Filter>
    </ClCompile>
    <ClCompile Include="Phone.cpp">
      <Filter>Game\Object</Filter>
    </ClCompile>
    <ClCompile Include="Input.cpp">
      <Filter>Engine</Filter>
    </ClCompile>
  </ItemGroup>
</Project>